<Solution>
  <Folder Name="/Services/" />
  <Folder Name="/Services/EventNest.AuthService/">
    <Project Path="services/EventNest.AuthService/EventNest.AuthService.API/EventNest.AuthService.API.csproj" />
    <Project Path="services/EventNest.AuthService/EventNest.AuthService.Application/EventNest.AuthService.Application.csproj" />
    <Project Path="services/EventNest.AuthService/EventNest.AuthService.Domain/EventNest.AuthService.Domain.csproj" />
    <Project Path="services/EventNest.AuthService/EventNest.AuthService.Infrastructure/EventNest.AuthService.Infrastructure.csproj" />
  </Folder>
  <Folder Name="/Services/EventNest.Shared/">
    <Project Path="services/EventNest.Shared/EventNest.Shared.Application/EventNest.Shared.Application.csproj" Id="6a3a073d-eae5-4da1-b251-33af2b7d1ac6" />
    <Project Path="services/EventNest.Shared/EventNest.Shared.Domain/EventNest.Shared.Domain.csproj" Id="723e1a8b-4e36-49d6-87b3-5afe76773016" />
    <Project Path="services/EventNest.Shared/EventNest.Shared.Infrastructure/EventNest.Shared.Infrastructure.csproj" Id="782d1fde-ee41-482f-b3a2-604c8c9f0cc4" />
  </Folder>
  <Folder Name="/Services/EventNest.TagService/">
    <Project Path="services/EventNest.TagService/EventNest.TagService.API/EventNest.TagService.API.csproj" />
    <Project Path="services/EventNest.TagService/EventNest.TagService.Application/EventNest.TagService.Application.csproj" />
    <Project Path="services/EventNest.TagService/EventNest.TagService.Domain/EventNest.TagService.Domain.csproj" Id="04e83e5b-2cc7-4e6c-85ec-92969e271abd" />
    <Project Path="services/EventNest.TagService/EventNest.TagService.Infrastructure/EventNest.TagService.Infrastructure.csproj" />
  </Folder>
  <Folder Name="/Services/EventNest.EventService/">
    <Project Path="services/EventNest.EventService/EventNest.EventService.API/EventNest.EventService.API.csproj" />
    <Project Path="services/EventNest.EventService/EventNest.EventService.Application/EventNest.EventService.Application.csproj" />
    <Project Path="services/EventNest.EventService/EventNest.EventService.Domain/EventNest.EventService.Domain.csproj" />
    <Project Path="services/EventNest.EventService/EventNest.EventService.Infrastructure/EventNest.EventService.Infrastructure.csproj" />
  </Folder>
  <Folder Name="/Services/EventNest.RSVPService/">
    <Project Path="services/EventNest.RSVPService/EventNest.RSVPService.API/EventNest.RSVPService.API.csproj" />
    <Project Path="services/EventNest.RSVPService/EventNest.RSVPService.Application/EventNest.RSVPService.Application.csproj" />
    <Project Path="services/EventNest.RSVPService/EventNest.RSVPService.Domain/EventNest.RSVPService.Domain.csproj" />
    <Project Path="services/EventNest.RSVPService/EventNest.RSVPService.Infrastructure/EventNest.RSVPService.Infrastructure.csproj" />
  </Folder>
</Solution>
