<Solution>
  <Folder Name="/Services/" />
  <Folder Name="/Services/EventNest.AuthService/">
    <Project Path="services/EventNest.AuthService/EventNest.AuthService.API/EventNest.AuthService.API.csproj" />
    <Project Path="services/EventNest.AuthService/EventNest.AuthService.Application/EventNest.AuthService.Application.csproj" />
    <Project Path="services/EventNest.AuthService/EventNest.AuthService.Domain/EventNest.AuthService.Domain.csproj" />
    <Project Path="services/EventNest.AuthService/EventNest.AuthService.Infrastructure/EventNest.AuthService.Infrastructure.csproj" />
  </Folder>
  <Folder Name="/Services/EventNest.Shared/">
    <Project Path="services/EventNest.Shared/EventNest.Shared.csproj" Id="8bd2e34b-b97d-4469-b6bc-27f4d2dcf2b9" />
  </Folder>
</Solution>
