<Solution>
  <Project Path="EventNest.RSVPService.API/EventNest.RSVPService.API.csproj" />
  <Project Path="EventNest.RSVPService.Application/EventNest.RSVPService.Application.csproj" />
  <Project Path="EventNest.RSVPService.Domain/EventNest.RSVPService.Domain.csproj" />
  <Project Path="EventNest.RSVPService.Infrastructure/EventNest.RSVPService.Infrastructure.csproj" />
</Solution>
